// !$*UTF8*$!
{
	archiveVersion = 1;
	classes = {
	};
	objectVersion = 46;
	objects = {

/* Begin PBXBuildFile section */
		613109491DF24E70004D8669 /* AppDelegate.swift in Sources */ = {isa = PBXBuildFile; fileRef = 613109481DF24E70004D8669 /* AppDelegate.swift */; };
		6131094B1DF24E70004D8669 /* ViewController.swift in Sources */ = {isa = PBXBuildFile; fileRef = 6131094A1DF24E70004D8669 /* ViewController.swift */; };
		6131094E1DF24E70004D8669 /* Main.storyboard in Resources */ = {isa = PBXBuildFile; fileRef = 6131094C1DF24E70004D8669 /* Main.storyboard */; };
		613109501DF24E70004D8669 /* Assets.xcassets in Resources */ = {isa = PBXBuildFile; fileRef = 6131094F1DF24E70004D8669 /* Assets.xcassets */; };
		613109531DF24E70004D8669 /* LaunchScreen.storyboard in Resources */ = {isa = PBXBuildFile; fileRef = 613109511DF24E70004D8669 /* LaunchScreen.storyboard */; };
/* End PBXBuildFile section */

/* Begin PBXFileReference section */
		613109451DF24E6F004D8669 /* war.app */ = {isa = PBXFileReference; explicitFileType = wrapper.application; includeInIndex = 0; path = war.app; sourceTree = BUILT_PRODUCTS_DIR; };
		613109481DF24E70004D8669 /* AppDelegate.swift */ = {isa = PBXFileReference; lastKnownFileType = sourcecode.swift; path = AppDelegate.swift; sourceTree = "<group>"; };
		6131094A1DF24E70004D8669 /* ViewController.swift */ = {isa = PBXFileReference; lastKnownFileType = sourcecode.swift; path = ViewController.swift; sourceTree = "<group>"; };
		6131094D1DF24E70004D8669 /* Base */ = {isa = PBXFileReference; lastKnownFileType = file.storyboard; name = Base; path = Base.lproj/Main.storyboard; sourceTree = "<group>"; };
		6131094F1DF24E70004D8669 /* Assets.xcassets */ = {isa = PBXFileReference; lastKnownFileType = folder.assetcatalog; path = Assets.xcassets; sourceTree = "<group>"; };
		613109521DF24E70004D8669 /* Base */ = {isa = PBXFileReference; lastKnownFileType = file.storyboard; name = Base; path = Base.lproj/LaunchScreen.storyboard; sourceTree = "<group>"; };
		613109541DF24E70004D8669 /* Info.plist */ = {isa = PBXFileReference; lastKnownFileType = text.plist.xml; path = Info.plist; sourceTree = "<group>"; };
/* End PBXFileReference section */

/* Begin PBXFrameworksBuildPhase section */
		613109421DF24E6F004D8669 /* Frameworks */ = {
			isa = PBXFrameworksBuildPhase;
			buildActionMask = 2147483647;
			files = (
			);
			runOnlyForDeploymentPostprocessing = 0;
		};
/* End PBXFrameworksBuildPhase section */

/* Begin PBXGroup section */
		6131093C1DF24E6F004D8669 = {
			isa = PBXGroup;
			children = (
				613109471DF24E70004D8669 /* war */,
				613109461DF24E6F004D8669 /* Products */,
			);
			sourceTree = "<group>";
		};
		613109461DF24E6F004D8669 /* Products */ = {
			isa = PBXGroup;
			children = (
				613109451DF24E6F004D8669 /* war.app */,
			);
			name = Products;
			sourceTree = "<group>";
		};
		613109471DF24E70004D8669 /* war */ = {
			isa = PBXGroup;
			children = (
				613109481DF24E70004D8669 /* AppDelegate.swift */,
				6131094A1DF24E70004D8669 /* ViewController.swift */,
				6131094C1DF24E70004D8669 /* Main.storyboard */,
				6131094F1DF24E70004D8669 /* Assets.xcassets */,
				613109511DF24E70004D8669 /* LaunchScreen.storyboard */,
				613109541DF24E70004D8669 /* Info.plist */,
			);
			path = war;
			sourceTree = "<group>";
		};
/* End PBXGroup section */

/* Begin PBXNativeTarget section */
		613109441DF24E6F004D8669 /* war */ = {
			isa = PBXNativeTarget;
			buildConfigurationList = 613109571DF24E70004D8669 /* Build configuration list for PBXNativeTarget "war" */;
			buildPhases = (
				613109411DF24E6F004D8669 /* Sources */,
				613109421DF24E6F004D8669 /* Frameworks */,
				613109431DF24E6F004D8669 /* Resources */,
			);
			buildRules = (
			);
			dependencies = (
			);
			name = war;
			productName = war;
			productReference = 613109451DF24E6F004D8669 /* war.app */;
			productType = "com.apple.product-type.application";
		};
/* End PBXNativeTarget section */

/* Begin PBXProject section */
		6131093D1DF24E6F004D8669 /* Project object */ = {
			isa = PBXProject;
			attributes = {
				LastSwiftUpdateCheck = 0810;
				LastUpgradeCheck = 0810;
				ORGANIZATIONNAME = "Mr Nghe";
				TargetAttributes = {
					613109441DF24E6F004D8669 = {
						CreatedOnToolsVersion = 8.1;
						DevelopmentTeam = MQ8DF9KUNF;
						ProvisioningStyle = Automatic;
					};
				};
			};
			buildConfigurationList = 613109401DF24E6F004D8669 /* Build configuration list for PBXProject "war" */;
			compatibilityVersion = "Xcode 3.2";
			developmentRegion = English;
			hasScannedForEncodings = 0;
			knownRegions = (
				en,
				Base,
			);
			mainGroup = 6131093C1DF24E6F004D8669;
			productRefGroup = 613109461DF24E6F004D8669 /* Products */;
			projectDirPath = "";
			projectRoot = "";
			targets = (
				613109441DF24E6F004D8669 /* war */,
			);
		};
/* End PBXProject section */

/* Begin PBXResourcesBuildPhase section */
		613109431DF24E6F004D8669 /* Resources */ = {
			isa = PBXResourcesBuildPhase;
			buildActionMask = 2147483647;
			files = (
				613109531DF24E70004D8669 /* LaunchScreen.storyboard in Resources */,
				613109501DF24E70004D8669 /* Assets.xcassets in Resources */,
				6131094E1DF24E70004D8669 /* Main.storyboard in Resources */,
			);
			runOnlyForDeploymentPostprocessing = 0;
		};
/* End PBXResourcesBuildPhase section */

/* Begin PBXSourcesBuildPhase section */
		613109411DF24E6F004D8669 /* Sources */ = {
			isa = PBXSourcesBuildPhase;
			buildActionMask = 2147483647;
			files = (
				6131094B1DF24E70004D8669 /* ViewController.swift in Sources */,
				613109491DF24E70004D8669 /* AppDelegate.swift in Sources */,
			);
			runOnlyForDeploymentPostprocessing = 0;
		};
/* End PBXSourcesBuildPhase section */

/* Begin PBXVariantGroup section */
		6131094C1DF24E70004D8669 /* Main.storyboard */ = {
			isa = PBXVariantGroup;
			children = (
				6131094D1DF24E70004D8669 /* Base */,
			);
			name = Main.storyboard;
			sourceTree = "<group>";
		};
		613109511DF24E70004D8669 /* LaunchScreen.storyboard */ = {
			isa = PBXVariantGroup;
			children = (
				613109521DF24E70004D8669 /* Base */,
			);
			name = LaunchScreen.storyboard;
			sourceTree = "<group>";
		};
/* End PBXVariantGroup section */

/* Begin XCBuildConfiguration section */
		613109551DF24E70004D8669 /* Debug */ = {
			isa = XCBuildConfiguration;
			buildSettings = {
				ALWAYS_SEARCH_USER_PATHS = NO;
				CLANG_ANALYZER_NONNULL = YES;
				CLANG_CXX_LANGUAGE_STANDARD = "gnu++0x";
				CLANG_CXX_LIBRARY = "libc++";
				CLANG_ENABLE_MODULES = YES;
				CLANG_ENABLE_OBJC_ARC = YES;
				CLANG_WARN_BOOL_CONVERSION = YES;
				CLANG_WARN_CONSTANT_CONVERSION = YES;
				CLANG_WARN_DIRECT_OBJC_ISA_USAGE = YES_ERROR;
				CLANG_WARN_DOCUMENTATION_COMMENTS = YES;
				CLANG_WARN_EMPTY_BODY = YES;
				CLANG_WARN_ENUM_CONVERSION = YES;
				CLANG_WARN_INFINITE_RECURSION = YES;
				CLANG_WARN_INT_CONVERSION = YES;
				CLANG_WARN_OBJC_ROOT_CLASS = YES_ERROR;
				CLANG_WARN_SUSPICIOUS_MOVES = YES;
				CLANG_WARN_UNREACHABLE_CODE = YES;
				CLANG_WARN__DUPLICATE_METHOD_MATCH = YES;
				"CODE_SIGN_IDENTITY[sdk=iphoneos*]" = "iPhone Developer";
				COPY_PHASE_STRIP = NO;
				DEBUG_INFORMATION_FORMAT = dwarf;
				ENABLE_STRICT_OBJC_MSGSEND = YES;
				ENABLE_TESTABILITY = YES;
				GCC_C_LANGUAGE_STANDARD = gnu99;
				GCC_DYNAMIC_NO_PIC = NO;
				GCC_NO_COMMON_BLOCKS = YES;
				GCC_OPTIMIZATION_LEVEL = 0;
				GCC_PREPROCESSOR_DEFINITIONS = (
					"DEBUG=1",
					"$(inherited)",
				);
				GCC_WARN_64_TO_32_BIT_CONVERSION = YES;
				GCC_WARN_ABOUT_RETURN_TYPE = YES_ERROR;
				GCC_WARN_UNDECLARED_SELECTOR = YES;
				GCC_WARN_UNINITIALIZED_AUTOS = YES_AGGRESSIVE;
				GCC_WARN_UNUSED_FUNCTION = YES;
				GCC_WARN_UNUSED_VARIABLE = YES;
				IPHONEOS_DEPLOYMENT_TARGET = 10.1;
				MTL_ENABLE_DEBUG_INFO = YES;
				ONLY_ACTIVE_ARCH = YES;
				SDKROOT = iphoneos;
				SWIFT_ACTIVE_COMPILATION_CONDITIONS = DEBUG;
				SWIFT_OPTIMIZATION_LEVEL = "-Onone";
			};
			name = Debug;
		};
		613109561DF24E70004D8669 /* Release */ = {
			isa = XCBuildConfiguration;
			buildSettings = {
				ALWAYS_SEARCH_USER_PATHS = NO;
				CLANG_ANALYZER_NONNULL = YES;
				CLANG_CXX_LANGUAGE_STANDARD = "gnu++0x";
				CLANG_CXX_LIBRARY = "libc++";
				CLANG_ENABLE_MODULES = YES;
				CLANG_ENABLE_OBJC_ARC = YES;
				CLANG_WARN_BOOL_CONVERSION = YES;
				CLANG_WARN_CONSTANT_CONVERSION = YES;
				CLANG_WARN_DIRECT_OBJC_ISA_USAGE = YES_ERROR;
				CLANG_WARN_DOCUMENTATION_COMMENTS = YES;
				CLANG_WARN_EMPTY_BODY = YES;
				CLANG_WARN_ENUM_CONVERSION = YES;
				CLANG_WARN_INFINITE_RECURSION = YES;
				CLANG_WARN_INT_CONVERSION = YES;
				CLANG_WARN_OBJC_ROOT_CLASS = YES_ERROR;
				CLANG_WARN_SUSPICIOUS_MOVES = YES;
				CLANG_WARN_UNREACHABLE_CODE = YES;
				CLANG_WARN__DUPLICATE_METHOD_MATCH = YES;
				"CODE_SIGN_IDENTITY[sdk=iphoneos*]" = "iPhone Developer";
				COPY_PHASE_STRIP = NO;
				DEBUG_INFORMATION_FORMAT = "dwarf-with-dsym";
				ENABLE_NS_ASSERTIONS = NO;
				ENABLE_STRICT_OBJC_MSGSEND = YES;
				GCC_C_LANGUAGE_STANDARD = gnu99;
				GCC_NO_COMMON_BLOCKS = YES;
				GCC_WARN_64_TO_32_BIT_CONVERSION = YES;
				GCC_WARN_ABOUT_RETURN_TYPE = YES_ERROR;
				GCC_WARN_UNDECLARED_SELECTOR = YES;
				GCC_WARN_UNINITIALIZED_AUTOS = YES_AGGRESSIVE;
				GCC_WARN_UNUSED_FUNCTION = YES;
				GCC_WARN_UNUSED_VARIABLE = YES;
				IPHONEOS_DEPLOYMENT_TARGET = 10.1;
				MTL_ENABLE_DEBUG_INFO = NO;
				SDKROOT = iphoneos;
				SWIFT_OPTIMIZATION_LEVEL = "-Owholemodule";
				VALIDATE_PRODUCT = YES;
			};
			name = Release;
		};
		613109581DF24E70004D8669 /* Debug */ = {
			isa = XCBuildConfiguration;
			buildSettings = {
				ASSETCATALOG_COMPILER_APPICON_NAME = AppIcon;
				DEVELOPMENT_TEAM = MQ8DF9KUNF;
				INFOPLIST_FILE = war/Info.plist;
				LD_RUNPATH_SEARCH_PATHS = "$(inherited) @executable_path/Frameworks";
				PRODUCT_BUNDLE_IDENTIFIER = com.atoota.war;
				PRODUCT_NAME = "$(TARGET_NAME)";
				SWIFT_VERSION = 3.0;
			};
			name = Debug;
		};
		613109591DF24E70004D8669 /* Release */ = {
			isa = XCBuildConfiguration;
			buildSettings = {
				ASSETCATALOG_COMPILER_APPICON_NAME = AppIcon;
				DEVELOPMENT_TEAM = MQ8DF9KUNF;
				INFOPLIST_FILE = war/Info.plist;
				LD_RUNPATH_SEARCH_PATHS = "$(inherited) @executable_path/Frameworks";
				PRODUCT_BUNDLE_IDENTIFIER = com.atoota.war;
				PRODUCT_NAME = "$(TARGET_NAME)";
				SWIFT_VERSION = 3.0;
			};
			name = Release;
		};
/* End XCBuildConfiguration section */

/* Begin XCConfigurationList section */
		613109401DF24E6F004D8669 /* Build configuration list for PBXProject "war" */ = {
			isa = XCConfigurationList;
			buildConfigurations = (
				613109551DF24E70004D8669 /* Debug */,
				613109561DF24E70004D8669 /* Release */,
			);
			defaultConfigurationIsVisible = 0;
			defaultConfigurationName = Release;
		};
		613109571DF24E70004D8669 /* Build configuration list for PBXNativeTarget "war" */ = {
			isa = XCConfigurationList;
			buildConfigurations = (
				613109581DF24E70004D8669 /* Debug */,
				613109591DF24E70004D8669 /* Release */,
			);
			defaultConfigurationIsVisible = 0;
		};
/* End XCConfigurationList section */
	};
	rootObject = 6131093D1DF24E6F004D8669 /* Project object */;
}
